
Microsoft Visual Studio Solution File, Format Version 12.00
# Visual Studio Version 16
VisualStudioVersion = 16.0.30503.244
MinimumVisualStudioVersion = 10.0.40219.1
Project("{9A19103F-16F7-4668-BE54-9A1E7A4F7556}") = "Projet", "Projet.csproj", "{C059A323-4BB0-4650-97AC-3C4D70901865}"
	ProjectSection(ProjectDependencies) = postProject
		{8B340F9C-9026-48C7-A0D9-0B51026821F3} = {8B340F9C-9026-48C7-A0D9-0B51026821F3}
	EndProjectSection
EndProject
Project("{FAE04EC0-301F-11D3-BF4B-00C04F79EFBC}") = "Projet.Data", "..\Projet.Data\Projet.Data.csproj", "{4B9B5375-BFDE-47E3-8245-DF24D3A88551}"
EndProject
Project("{FAE04EC0-301F-11D3-BF4B-00C04F79EFBC}") = "Projet.Business", "..\Projet.Business\Projet.Business.csproj", "{8B340F9C-9026-48C7-A0D9-0B51026821F3}"
	ProjectSection(ProjectDependencies) = postProject
		{4B9B5375-BFDE-47E3-8245-DF24D3A88551} = {4B9B5375-BFDE-47E3-8245-DF24D3A88551}
	EndProjectSection
EndProject
Global
	GlobalSection(SolutionConfigurationPlatforms) = preSolution
		Debug|Any CPU = Debug|Any CPU
		Release|Any CPU = Release|Any CPU
	EndGlobalSection
	GlobalSection(ProjectConfigurationPlatforms) = postSolution
		{C059A323-4BB0-4650-97AC-3C4D70901865}.Debug|Any CPU.ActiveCfg = Debug|Any CPU
		{C059A323-4BB0-4650-97AC-3C4D70901865}.Debug|Any CPU.Build.0 = Debug|Any CPU
		{C059A323-4BB0-4650-97AC-3C4D70901865}.Release|Any CPU.ActiveCfg = Release|Any CPU
		{C059A323-4BB0-4650-97AC-3C4D70901865}.Release|Any CPU.Build.0 = Release|Any CPU
		{4B9B5375-BFDE-47E3-8245-DF24D3A88551}.Debug|Any CPU.ActiveCfg = Debug|Any CPU
		{4B9B5375-BFDE-47E3-8245-DF24D3A88551}.Debug|Any CPU.Build.0 = Debug|Any CPU
		{4B9B5375-BFDE-47E3-8245-DF24D3A88551}.Release|Any CPU.ActiveCfg = Release|Any CPU
		{4B9B5375-BFDE-47E3-8245-DF24D3A88551}.Release|Any CPU.Build.0 = Release|Any CPU
		{8B340F9C-9026-48C7-A0D9-0B51026821F3}.Debug|Any CPU.ActiveCfg = Debug|Any CPU
		{8B340F9C-9026-48C7-A0D9-0B51026821F3}.Debug|Any CPU.Build.0 = Debug|Any CPU
		{8B340F9C-9026-48C7-A0D9-0B51026821F3}.Release|Any CPU.ActiveCfg = Release|Any CPU
		{8B340F9C-9026-48C7-A0D9-0B51026821F3}.Release|Any CPU.Build.0 = Release|Any CPU
	EndGlobalSection
	GlobalSection(SolutionProperties) = preSolution
		HideSolutionNode = FALSE
	EndGlobalSection
	GlobalSection(ExtensibilityGlobals) = postSolution
		SolutionGuid = {5E291A01-AB36-463E-B637-F5915395B668}
	EndGlobalSection
EndGlobal
